// !$*UTF8*$!
{
	archiveVersion = 1;
	classes = {
	};
	objectVersion = 46;
	objects = {

/* Begin PBXBuildFile section */
		5F70CB001D7935A100B3D0C9 /* main.m in Sources */ = {isa = PBXBuildFile; fileRef = 5F70CAFF1D7935A100B3D0C9 /* main.m */; };
		5F70CB031D7935A100B3D0C9 /* AppDelegate.m in Sources */ = {isa = PBXBuildFile; fileRef = 5F70CB021D7935A100B3D0C9 /* AppDelegate.m */; };
		5F70CB061D7935A100B3D0C9 /* ViewController.m in Sources */ = {isa = PBXBuildFile; fileRef = 5F70CB051D7935A100B3D0C9 /* ViewController.m */; };
		5F70CB091D7935A100B3D0C9 /* Main.storyboard in Resources */ = {isa = PBXBuildFile; fileRef = 5F70CB071D7935A100B3D0C9 /* Main.storyboard */; };
		5F70CB0B1D7935A100B3D0C9 /* Assets.xcassets in Resources */ = {isa = PBXBuildFile; fileRef = 5F70CB0A1D7935A100B3D0C9 /* Assets.xcassets */; };
		5F70CB0E1D7935A100B3D0C9 /* LaunchScreen.storyboard in Resources */ = {isa = PBXBuildFile; fileRef = 5F70CB0C1D7935A100B3D0C9 /* LaunchScreen.storyboard */; };
		5F70CB191D7935A100B3D0C9 /* JPLabelTests.m in Sources */ = {isa = PBXBuildFile; fileRef = 5F70CB181D7935A100B3D0C9 /* JPLabelTests.m */; };
		5F70CB241D7935A100B3D0C9 /* JPLabelUITests.m in Sources */ = {isa = PBXBuildFile; fileRef = 5F70CB231D7935A100B3D0C9 /* JPLabelUITests.m */; };
		5F70CB341D7935D000B3D0C9 /* JPLabel.m in Sources */ = {isa = PBXBuildFile; fileRef = 5F70CB331D7935D000B3D0C9 /* JPLabel.m */; };
/* End PBXBuildFile section */

/* Begin PBXContainerItemProxy section */
		5F70CB151D7935A100B3D0C9 /* PBXContainerItemProxy */ = {
			isa = PBXContainerItemProxy;
			containerPortal = 5F70CAF31D7935A100B3D0C9 /* Project object */;
			proxyType = 1;
			remoteGlobalIDString = 5F70CAFA1D7935A100B3D0C9;
			remoteInfo = JPLabel;
		};
		5F70CB201D7935A100B3D0C9 /* PBXContainerItemProxy */ = {
			isa = PBXContainerItemProxy;
			containerPortal = 5F70CAF31D7935A100B3D0C9 /* Project object */;
			proxyType = 1;
			remoteGlobalIDString = 5F70CAFA1D7935A100B3D0C9;
			remoteInfo = JPLabel;
		};
/* End PBXContainerItemProxy section */

/* Begin PBXFileReference section */
		5F70CAFB1D7935A100B3D0C9 /* JPLabel.app */ = {isa = PBXFileReference; explicitFileType = wrapper.application; includeInIndex = 0; path = JPLabel.app; sourceTree = BUILT_PRODUCTS_DIR; };
		5F70CAFF1D7935A100B3D0C9 /* main.m */ = {isa = PBXFileReference; lastKnownFileType = sourcecode.c.objc; path = main.m; sourceTree = "<group>"; };
		5F70CB011D7935A100B3D0C9 /* AppDelegate.h */ = {isa = PBXFileReference; lastKnownFileType = sourcecode.c.h; path = AppDelegate.h; sourceTree = "<group>"; };
		5F70CB021D7935A100B3D0C9 /* AppDelegate.m */ = {isa = PBXFileReference; lastKnownFileType = sourcecode.c.objc; path = AppDelegate.m; sourceTree = "<group>"; };
		5F70CB041D7935A100B3D0C9 /* ViewController.h */ = {isa = PBXFileReference; lastKnownFileType = sourcecode.c.h; path = ViewController.h; sourceTree = "<group>"; };
		5F70CB051D7935A100B3D0C9 /* ViewController.m */ = {isa = PBXFileReference; lastKnownFileType = sourcecode.c.objc; path = ViewController.m; sourceTree = "<group>"; };
		5F70CB081D7935A100B3D0C9 /* Base */ = {isa = PBXFileReference; lastKnownFileType = file.storyboard; name = Base; path = Base.lproj/Main.storyboard; sourceTree = "<group>"; };
		5F70CB0A1D7935A100B3D0C9 /* Assets.xcassets */ = {isa = PBXFileReference; lastKnownFileType = folder.assetcatalog; path = Assets.xcassets; sourceTree = "<group>"; };
		5F70CB0D1D7935A100B3D0C9 /* Base */ = {isa = PBXFileReference; lastKnownFileType = file.storyboard; name = Base; path = Base.lproj/LaunchScreen.storyboard; sourceTree = "<group>"; };
		5F70CB0F1D7935A100B3D0C9 /* Info.plist */ = {isa = PBXFileReference; lastKnownFileType = text.plist.xml; path = Info.plist; sourceTree = "<group>"; };
		5F70CB141D7935A100B3D0C9 /* JPLabelTests.xctest */ = {isa = PBXFileReference; explicitFileType = wrapper.cfbundle; includeInIndex = 0; path = JPLabelTests.xctest; sourceTree = BUILT_PRODUCTS_DIR; };
		5F70CB181D7935A100B3D0C9 /* JPLabelTests.m */ = {isa = PBXFileReference; lastKnownFileType = sourcecode.c.objc; path = JPLabelTests.m; sourceTree = "<group>"; };
		5F70CB1A1D7935A100B3D0C9 /* Info.plist */ = {isa = PBXFileReference; lastKnownFileType = text.plist.xml; path = Info.plist; sourceTree = "<group>"; };
		5F70CB1F1D7935A100B3D0C9 /* JPLabelUITests.xctest */ = {isa = PBXFileReference; explicitFileType = wrapper.cfbundle; includeInIndex = 0; path = JPLabelUITests.xctest; sourceTree = BUILT_PRODUCTS_DIR; };
		5F70CB231D7935A100B3D0C9 /* JPLabelUITests.m */ = {isa = PBXFileReference; lastKnownFileType = sourcecode.c.objc; path = JPLabelUITests.m; sourceTree = "<group>"; };
		5F70CB251D7935A100B3D0C9 /* Info.plist */ = {isa = PBXFileReference; lastKnownFileType = text.plist.xml; path = Info.plist; sourceTree = "<group>"; };
		5F70CB321D7935D000B3D0C9 /* JPLabel.h */ = {isa = PBXFileReference; fileEncoding = 4; lastKnownFileType = sourcecode.c.h; path = JPLabel.h; sourceTree = "<group>"; };
		5F70CB331D7935D000B3D0C9 /* JPLabel.m */ = {isa = PBXFileReference; fileEncoding = 4; lastKnownFileType = sourcecode.c.objc; path = JPLabel.m; sourceTree = "<group>"; };
/* End PBXFileReference section */

/* Begin PBXFrameworksBuildPhase section */
		5F70CAF81D7935A100B3D0C9 /* Frameworks */ = {
			isa = PBXFrameworksBuildPhase;
			buildActionMask = 2147483647;
			files = (
			);
			runOnlyForDeploymentPostprocessing = 0;
		};
		5F70CB111D7935A100B3D0C9 /* Frameworks */ = {
			isa = PBXFrameworksBuildPhase;
			buildActionMask = 2147483647;
			files = (
			);
			runOnlyForDeploymentPostprocessing = 0;
		};
		5F70CB1C1D7935A100B3D0C9 /* Frameworks */ = {
			isa = PBXFrameworksBuildPhase;
			buildActionMask = 2147483647;
			files = (
			);
			runOnlyForDeploymentPostprocessing = 0;
		};
/* End PBXFrameworksBuildPhase section */

/* Begin PBXGroup section */
		5F70CAF21D7935A100B3D0C9 = {
			isa = PBXGroup;
			children = (
				5F70CAFD1D7935A100B3D0C9 /* JPLabel */,
				5F70CB171D7935A100B3D0C9 /* JPLabelTests */,
				5F70CB221D7935A100B3D0C9 /* JPLabelUITests */,
				5F70CAFC1D7935A100B3D0C9 /* Products */,
			);
			sourceTree = "<group>";
		};
		5F70CAFC1D7935A100B3D0C9 /* Products */ = {
			isa = PBXGroup;
			children = (
				5F70CAFB1D7935A100B3D0C9 /* JPLabel.app */,
				5F70CB141D7935A100B3D0C9 /* JPLabelTests.xctest */,
				5F70CB1F1D7935A100B3D0C9 /* JPLabelUITests.xctest */,
			);
			name = Products;
			sourceTree = "<group>";
		};
		5F70CAFD1D7935A100B3D0C9 /* JPLabel */ = {
			isa = PBXGroup;
			children = (
				5F70CB311D7935AF00B3D0C9 /* JPLabel */,
				5F70CB011D7935A100B3D0C9 /* AppDelegate.h */,
				5F70CB021D7935A100B3D0C9 /* AppDelegate.m */,
				5F70CB041D7935A100B3D0C9 /* ViewController.h */,
				5F70CB051D7935A100B3D0C9 /* ViewController.m */,
				5F70CB071D7935A100B3D0C9 /* Main.storyboard */,
				5F70CB0A1D7935A100B3D0C9 /* Assets.xcassets */,
				5F70CB0C1D7935A100B3D0C9 /* LaunchScreen.storyboard */,
				5F70CB0F1D7935A100B3D0C9 /* Info.plist */,
				5F70CAFE1D7935A100B3D0C9 /* Supporting Files */,
			);
			path = JPLabel;
			sourceTree = "<group>";
		};
		5F70CAFE1D7935A100B3D0C9 /* Supporting Files */ = {
			isa = PBXGroup;
			children = (
				5F70CAFF1D7935A100B3D0C9 /* main.m */,
			);
			name = "Supporting Files";
			sourceTree = "<group>";
		};
		5F70CB171D7935A100B3D0C9 /* JPLabelTests */ = {
			isa = PBXGroup;
			children = (
				5F70CB181D7935A100B3D0C9 /* JPLabelTests.m */,
				5F70CB1A1D7935A100B3D0C9 /* Info.plist */,
			);
			path = JPLabelTests;
			sourceTree = "<group>";
		};
		5F70CB221D7935A100B3D0C9 /* JPLabelUITests */ = {
			isa = PBXGroup;
			children = (
				5F70CB231D7935A100B3D0C9 /* JPLabelUITests.m */,
				5F70CB251D7935A100B3D0C9 /* Info.plist */,
			);
			path = JPLabelUITests;
			sourceTree = "<group>";
		};
		5F70CB311D7935AF00B3D0C9 /* JPLabel */ = {
			isa = PBXGroup;
			children = (
				5F70CB321D7935D000B3D0C9 /* JPLabel.h */,
				5F70CB331D7935D000B3D0C9 /* JPLabel.m */,
			);
			path = JPLabel;
			sourceTree = "<group>";
		};
/* End PBXGroup section */

/* Begin PBXNativeTarget section */
		5F70CAFA1D7935A100B3D0C9 /* JPLabel */ = {
			isa = PBXNativeTarget;
			buildConfigurationList = 5F70CB281D7935A100B3D0C9 /* Build configuration list for PBXNativeTarget "JPLabel" */;
			buildPhases = (
				5F70CAF71D7935A100B3D0C9 /* Sources */,
				5F70CAF81D7935A100B3D0C9 /* Frameworks */,
				5F70CAF91D7935A100B3D0C9 /* Resources */,
			);
			buildRules = (
			);
			dependencies = (
			);
			name = JPLabel;
			productName = JPLabel;
			productReference = 5F70CAFB1D7935A100B3D0C9 /* JPLabel.app */;
			productType = "com.apple.product-type.application";
		};
		5F70CB131D7935A100B3D0C9 /* JPLabelTests */ = {
			isa = PBXNativeTarget;
			buildConfigurationList = 5F70CB2B1D7935A100B3D0C9 /* Build configuration list for PBXNativeTarget "JPLabelTests" */;
			buildPhases = (
				5F70CB101D7935A100B3D0C9 /* Sources */,
				5F70CB111D7935A100B3D0C9 /* Frameworks */,
				5F70CB121D7935A100B3D0C9 /* Resources */,
			);
			buildRules = (
			);
			dependencies = (
				5F70CB161D7935A100B3D0C9 /* PBXTargetDependency */,
			);
			name = JPLabelTests;
			productName = JPLabelTests;
			productReference = 5F70CB141D7935A100B3D0C9 /* JPLabelTests.xctest */;
			productType = "com.apple.product-type.bundle.unit-test";
		};
		5F70CB1E1D7935A100B3D0C9 /* JPLabelUITests */ = {
			isa = PBXNativeTarget;
			buildConfigurationList = 5F70CB2E1D7935A100B3D0C9 /* Build configuration list for PBXNativeTarget "JPLabelUITests" */;
			buildPhases = (
				5F70CB1B1D7935A100B3D0C9 /* Sources */,
				5F70CB1C1D7935A100B3D0C9 /* Frameworks */,
				5F70CB1D1D7935A100B3D0C9 /* Resources */,
			);
			buildRules = (
			);
			dependencies = (
				5F70CB211D7935A100B3D0C9 /* PBXTargetDependency */,
			);
			name = JPLabelUITests;
			productName = JPLabelUITests;
			productReference = 5F70CB1F1D7935A100B3D0C9 /* JPLabelUITests.xctest */;
			productType = "com.apple.product-type.bundle.ui-testing";
		};
/* End PBXNativeTarget section */

/* Begin PBXProject section */
		5F70CAF31D7935A100B3D0C9 /* Project object */ = {
			isa = PBXProject;
			attributes = {
				LastUpgradeCheck = 0720;
				ORGANIZATIONNAME = lavaMusic;
				TargetAttributes = {
					5F70CAFA1D7935A100B3D0C9 = {
						CreatedOnToolsVersion = 7.2;
						DevelopmentTeam = Q6U9U5UDR2;
					};
					5F70CB131D7935A100B3D0C9 = {
						CreatedOnToolsVersion = 7.2;
						DevelopmentTeam = Q6U9U5UDR2;
						TestTargetID = 5F70CAFA1D7935A100B3D0C9;
					};
					5F70CB1E1D7935A100B3D0C9 = {
						CreatedOnToolsVersion = 7.2;
						DevelopmentTeam = Q6U9U5UDR2;
						TestTargetID = 5F70CAFA1D7935A100B3D0C9;
					};
				};
			};
			buildConfigurationList = 5F70CAF61D7935A100B3D0C9 /* Build configuration list for PBXProject "JPLabel" */;
			compatibilityVersion = "Xcode 3.2";
			developmentRegion = English;
			hasScannedForEncodings = 0;
			knownRegions = (
				en,
				Base,
			);
			mainGroup = 5F70CAF21D7935A100B3D0C9;
			productRefGroup = 5F70CAFC1D7935A100B3D0C9 /* Products */;
			projectDirPath = "";
			projectRoot = "";
			targets = (
				5F70CAFA1D7935A100B3D0C9 /* JPLabel */,
				5F70CB131D7935A100B3D0C9 /* JPLabelTests */,
				5F70CB1E1D7935A100B3D0C9 /* JPLabelUITests */,
			);
		};
/* End PBXProject section */

/* Begin PBXResourcesBuildPhase section */
		5F70CAF91D7935A100B3D0C9 /* Resources */ = {
			isa = PBXResourcesBuildPhase;
			buildActionMask = 2147483647;
			files = (
				5F70CB0E1D7935A100B3D0C9 /* LaunchScreen.storyboard in Resources */,
				5F70CB0B1D7935A100B3D0C9 /* Assets.xcassets in Resources */,
				5F70CB091D7935A100B3D0C9 /* Main.storyboard in Resources */,
			);
			runOnlyForDeploymentPostprocessing = 0;
		};
		5F70CB121D7935A100B3D0C9 /* Resources */ = {
			isa = PBXResourcesBuildPhase;
			buildActionMask = 2147483647;
			files = (
			);
			runOnlyForDeploymentPostprocessing = 0;
		};
		5F70CB1D1D7935A100B3D0C9 /* Resources */ = {
			isa = PBXResourcesBuildPhase;
			buildActionMask = 2147483647;
			files = (
			);
			runOnlyForDeploymentPostprocessing = 0;
		};
/* End PBXResourcesBuildPhase section */

/* Begin PBXSourcesBuildPhase section */
		5F70CAF71D7935A100B3D0C9 /* Sources */ = {
			isa = PBXSourcesBuildPhase;
			buildActionMask = 2147483647;
			files = (
				5F70CB061D7935A100B3D0C9 /* ViewController.m in Sources */,
				5F70CB031D7935A100B3D0C9 /* AppDelegate.m in Sources */,
				5F70CB341D7935D000B3D0C9 /* JPLabel.m in Sources */,
				5F70CB001D7935A100B3D0C9 /* main.m in Sources */,
			);
			runOnlyForDeploymentPostprocessing = 0;
		};
		5F70CB101D7935A100B3D0C9 /* Sources */ = {
			isa = PBXSourcesBuildPhase;
			buildActionMask = 2147483647;
			files = (
				5F70CB191D7935A100B3D0C9 /* JPLabelTests.m in Sources */,
			);
			runOnlyForDeploymentPostprocessing = 0;
		};
		5F70CB1B1D7935A100B3D0C9 /* Sources */ = {
			isa = PBXSourcesBuildPhase;
			buildActionMask = 2147483647;
			files = (
				5F70CB241D7935A100B3D0C9 /* JPLabelUITests.m in Sources */,
			);
			runOnlyForDeploymentPostprocessing = 0;
		};
/* End PBXSourcesBuildPhase section */

/* Begin PBXTargetDependency section */
		5F70CB161D7935A100B3D0C9 /* PBXTargetDependency */ = {
			isa = PBXTargetDependency;
			target = 5F70CAFA1D7935A100B3D0C9 /* JPLabel */;
			targetProxy = 5F70CB151D7935A100B3D0C9 /* PBXContainerItemProxy */;
		};
		5F70CB211D7935A100B3D0C9 /* PBXTargetDependency */ = {
			isa = PBXTargetDependency;
			target = 5F70CAFA1D7935A100B3D0C9 /* JPLabel */;
			targetProxy = 5F70CB201D7935A100B3D0C9 /* PBXContainerItemProxy */;
		};
/* End PBXTargetDependency section */

/* Begin PBXVariantGroup section */
		5F70CB071D7935A100B3D0C9 /* Main.storyboard */ = {
			isa = PBXVariantGroup;
			children = (
				5F70CB081D7935A100B3D0C9 /* Base */,
			);
			name = Main.storyboard;
			sourceTree = "<group>";
		};
		5F70CB0C1D7935A100B3D0C9 /* LaunchScreen.storyboard */ = {
			isa = PBXVariantGroup;
			children = (
				5F70CB0D1D7935A100B3D0C9 /* Base */,
			);
			name = LaunchScreen.storyboard;
			sourceTree = "<group>";
		};
/* End PBXVariantGroup section */

/* Begin XCBuildConfiguration section */
		5F70CB261D7935A100B3D0C9 /* Debug */ = {
			isa = XCBuildConfiguration;
			buildSettings = {
				ALWAYS_SEARCH_USER_PATHS = NO;
				CLANG_CXX_LANGUAGE_STANDARD = "gnu++0x";
				CLANG_CXX_LIBRARY = "libc++";
				CLANG_ENABLE_MODULES = YES;
				CLANG_ENABLE_OBJC_ARC = YES;
				CLANG_WARN_BOOL_CONVERSION = YES;
				CLANG_WARN_CONSTANT_CONVERSION = YES;
				CLANG_WARN_DIRECT_OBJC_ISA_USAGE = YES_ERROR;
				CLANG_WARN_EMPTY_BODY = YES;
				CLANG_WARN_ENUM_CONVERSION = YES;
				CLANG_WARN_INT_CONVERSION = YES;
				CLANG_WARN_OBJC_ROOT_CLASS = YES_ERROR;
				CLANG_WARN_UNREACHABLE_CODE = YES;
				CLANG_WARN__DUPLICATE_METHOD_MATCH = YES;
				"CODE_SIGN_IDENTITY[sdk=iphoneos*]" = "iPhone Developer";
				COPY_PHASE_STRIP = NO;
				DEBUG_INFORMATION_FORMAT = dwarf;
				ENABLE_STRICT_OBJC_MSGSEND = YES;
				ENABLE_TESTABILITY = YES;
				GCC_C_LANGUAGE_STANDARD = gnu99;
				GCC_DYNAMIC_NO_PIC = NO;
				GCC_NO_COMMON_BLOCKS = YES;
				GCC_OPTIMIZATION_LEVEL = 0;
				GCC_PREPROCESSOR_DEFINITIONS = (
					"DEBUG=1",
					"$(inherited)",
				);
				GCC_WARN_64_TO_32_BIT_CONVERSION = YES;
				GCC_WARN_ABOUT_RETURN_TYPE = YES_ERROR;
				GCC_WARN_UNDECLARED_SELECTOR = YES;
				GCC_WARN_UNINITIALIZED_AUTOS = YES_AGGRESSIVE;
				GCC_WARN_UNUSED_FUNCTION = YES;
				GCC_WARN_UNUSED_VARIABLE = YES;
				IPHONEOS_DEPLOYMENT_TARGET = 9.2;
				MTL_ENABLE_DEBUG_INFO = YES;
				ONLY_ACTIVE_ARCH = YES;
				SDKROOT = iphoneos;
			};
			name = Debug;
		};
		5F70CB271D7935A100B3D0C9 /* Release */ = {
			isa = XCBuildConfiguration;
			buildSettings = {
				ALWAYS_SEARCH_USER_PATHS = NO;
				CLANG_CXX_LANGUAGE_STANDARD = "gnu++0x";
				CLANG_CXX_LIBRARY = "libc++";
				CLANG_ENABLE_MODULES = YES;
				CLANG_ENABLE_OBJC_ARC = YES;
				CLANG_WARN_BOOL_CONVERSION = YES;
				CLANG_WARN_CONSTANT_CONVERSION = YES;
				CLANG_WARN_DIRECT_OBJC_ISA_USAGE = YES_ERROR;
				CLANG_WARN_EMPTY_BODY = YES;
				CLANG_WARN_ENUM_CONVERSION = YES;
				CLANG_WARN_INT_CONVERSION = YES;
				CLANG_WARN_OBJC_ROOT_CLASS = YES_ERROR;
				CLANG_WARN_UNREACHABLE_CODE = YES;
				CLANG_WARN__DUPLICATE_METHOD_MATCH = YES;
				"CODE_SIGN_IDENTITY[sdk=iphoneos*]" = "iPhone Developer";
				COPY_PHASE_STRIP = NO;
				DEBUG_INFORMATION_FORMAT = "dwarf-with-dsym";
				ENABLE_NS_ASSERTIONS = NO;
				ENABLE_STRICT_OBJC_MSGSEND = YES;
				GCC_C_LANGUAGE_STANDARD = gnu99;
				GCC_NO_COMMON_BLOCKS = YES;
				GCC_WARN_64_TO_32_BIT_CONVERSION = YES;
				GCC_WARN_ABOUT_RETURN_TYPE = YES_ERROR;
				GCC_WARN_UNDECLARED_SELECTOR = YES;
				GCC_WARN_UNINITIALIZED_AUTOS = YES_AGGRESSIVE;
				GCC_WARN_UNUSED_FUNCTION = YES;
				GCC_WARN_UNUSED_VARIABLE = YES;
				IPHONEOS_DEPLOYMENT_TARGET = 9.2;
				MTL_ENABLE_DEBUG_INFO = NO;
				SDKROOT = iphoneos;
				VALIDATE_PRODUCT = YES;
			};
			name = Release;
		};
		5F70CB291D7935A100B3D0C9 /* Debug */ = {
			isa = XCBuildConfiguration;
			buildSettings = {
				ASSETCATALOG_COMPILER_APPICON_NAME = AppIcon;
				INFOPLIST_FILE = JPLabel/Info.plist;
				LD_RUNPATH_SEARCH_PATHS = "$(inherited) @executable_path/Frameworks";
				PRODUCT_BUNDLE_IDENTIFIER = com.lava.www.JPLabel;
				PRODUCT_NAME = "$(TARGET_NAME)";
			};
			name = Debug;
		};
		5F70CB2A1D7935A100B3D0C9 /* Release */ = {
			isa = XCBuildConfiguration;
			buildSettings = {
				ASSETCATALOG_COMPILER_APPICON_NAME = AppIcon;
				INFOPLIST_FILE = JPLabel/Info.plist;
				LD_RUNPATH_SEARCH_PATHS = "$(inherited) @executable_path/Frameworks";
				PRODUCT_BUNDLE_IDENTIFIER = com.lava.www.JPLabel;
				PRODUCT_NAME = "$(TARGET_NAME)";
			};
			name = Release;
		};
		5F70CB2C1D7935A100B3D0C9 /* Debug */ = {
			isa = XCBuildConfiguration;
			buildSettings = {
				BUNDLE_LOADER = "$(TEST_HOST)";
				INFOPLIST_FILE = JPLabelTests/Info.plist;
				LD_RUNPATH_SEARCH_PATHS = "$(inherited) @executable_path/Frameworks @loader_path/Frameworks";
				PRODUCT_BUNDLE_IDENTIFIER = com.lava.www.JPLabelTests;
				PRODUCT_NAME = "$(TARGET_NAME)";
				TEST_HOST = "$(BUILT_PRODUCTS_DIR)/JPLabel.app/JPLabel";
			};
			name = Debug;
		};
		5F70CB2D1D7935A100B3D0C9 /* Release */ = {
			isa = XCBuildConfiguration;
			buildSettings = {
				BUNDLE_LOADER = "$(TEST_HOST)";
				INFOPLIST_FILE = JPLabelTests/Info.plist;
				LD_RUNPATH_SEARCH_PATHS = "$(inherited) @executable_path/Frameworks @loader_path/Frameworks";
				PRODUCT_BUNDLE_IDENTIFIER = com.lava.www.JPLabelTests;
				PRODUCT_NAME = "$(TARGET_NAME)";
				TEST_HOST = "$(BUILT_PRODUCTS_DIR)/JPLabel.app/JPLabel";
			};
			name = Release;
		};
		5F70CB2F1D7935A100B3D0C9 /* Debug */ = {
			isa = XCBuildConfiguration;
			buildSettings = {
				INFOPLIST_FILE = JPLabelUITests/Info.plist;
				LD_RUNPATH_SEARCH_PATHS = "$(inherited) @executable_path/Frameworks @loader_path/Frameworks";
				PRODUCT_BUNDLE_IDENTIFIER = com.lava.www.JPLabelUITests;
				PRODUCT_NAME = "$(TARGET_NAME)";
				TEST_TARGET_NAME = JPLabel;
				USES_XCTRUNNER = YES;
			};
			name = Debug;
		};
		5F70CB301D7935A100B3D0C9 /* Release */ = {
			isa = XCBuildConfiguration;
			buildSettings = {
				INFOPLIST_FILE = JPLabelUITests/Info.plist;
				LD_RUNPATH_SEARCH_PATHS = "$(inherited) @executable_path/Frameworks @loader_path/Frameworks";
				PRODUCT_BUNDLE_IDENTIFIER = com.lava.www.JPLabelUITests;
				PRODUCT_NAME = "$(TARGET_NAME)";
				TEST_TARGET_NAME = JPLabel;
				USES_XCTRUNNER = YES;
			};
			name = Release;
		};
/* End XCBuildConfiguration section */

/* Begin XCConfigurationList section */
		5F70CAF61D7935A100B3D0C9 /* Build configuration list for PBXProject "JPLabel" */ = {
			isa = XCConfigurationList;
			buildConfigurations = (
				5F70CB261D7935A100B3D0C9 /* Debug */,
				5F70CB271D7935A100B3D0C9 /* Release */,
			);
			defaultConfigurationIsVisible = 0;
			defaultConfigurationName = Release;
		};
		5F70CB281D7935A100B3D0C9 /* Build configuration list for PBXNativeTarget "JPLabel" */ = {
			isa = XCConfigurationList;
			buildConfigurations = (
				5F70CB291D7935A100B3D0C9 /* Debug */,
				5F70CB2A1D7935A100B3D0C9 /* Release */,
			);
			defaultConfigurationIsVisible = 0;
		};
		5F70CB2B1D7935A100B3D0C9 /* Build configuration list for PBXNativeTarget "JPLabelTests" */ = {
			isa = XCConfigurationList;
			buildConfigurations = (
				5F70CB2C1D7935A100B3D0C9 /* Debug */,
				5F70CB2D1D7935A100B3D0C9 /* Release */,
			);
			defaultConfigurationIsVisible = 0;
		};
		5F70CB2E1D7935A100B3D0C9 /* Build configuration list for PBXNativeTarget "JPLabelUITests" */ = {
			isa = XCConfigurationList;
			buildConfigurations = (
				5F70CB2F1D7935A100B3D0C9 /* Debug */,
				5F70CB301D7935A100B3D0C9 /* Release */,
			);
			defaultConfigurationIsVisible = 0;
		};
/* End XCConfigurationList section */
	};
	rootObject = 5F70CAF31D7935A100B3D0C9 /* Project object */;
}
